
Microsoft Visual Studio Solution File, Format Version 12.00
# Visual Studio 2012
Project("{FAE04EC0-301F-11D3-BF4B-00C04F79EFBC}") = "Caesar", "Caesar\Caesar.csproj", "{4CF83C42-FA1A-4D15-94D7-E0014A822C5D}"
EndProject
Global
	GlobalSection(SolutionConfigurationPlatforms) = preSolution
		Debug|AnyCPU = Debug|AnyCPU
		Release|AnyCPU = Release|AnyCPU
	EndGlobalSection
	GlobalSection(ProjectConfigurationPlatforms) = postSolution
		{4CF83C42-FA1A-4D15-94D7-E0014A822C5D}.Debug|AnyCPU.ActiveCfg = Debug|AnyCPU
		{4CF83C42-FA1A-4D15-94D7-E0014A822C5D}.Debug|AnyCPU.Build.0 = Debug|AnyCPU
		{4CF83C42-FA1A-4D15-94D7-E0014A822C5D}.Release|AnyCPU.ActiveCfg = Release|AnyCPU
		{4CF83C42-FA1A-4D15-94D7-E0014A822C5D}.Release|AnyCPU.Build.0 = Release|AnyCPU
	EndGlobalSection
EndGlobal
